
Microsoft Visual Studio Solution File, Format Version 12.00
# Visual Studio Version 17
VisualStudioVersion = 17.5.33516.290
MinimumVisualStudioVersion = 10.0.40219.1
Project("{FAE04EC0-301F-11D3-BF4B-00C04F79EFBC}") = "ChallengeApp", "ChallengeApp\ChallengeApp.csproj", "{675B6601-5DF7-4DDA-8971-4429F8CB4539}"
EndProject
Project("{FAE04EC0-301F-11D3-BF4B-00C04F79EFBC}") = "ChallengeApp.Tests", "ChallengeApp.Tests\ChallengeApp.Tests.csproj", "{1C4BD5C5-1EC5-4069-AAEC-C402254AC3B0}"
EndProject
Global
	GlobalSection(SolutionConfigurationPlatforms) = preSolution
		Debug|Any CPU = Debug|Any CPU
		Release|Any CPU = Release|Any CPU
	EndGlobalSection
	GlobalSection(ProjectConfigurationPlatforms) = postSolution
		{675B6601-5DF7-4DDA-8971-4429F8CB4539}.Debug|Any CPU.ActiveCfg = Debug|Any CPU
		{675B6601-5DF7-4DDA-8971-4429F8CB4539}.Debug|Any CPU.Build.0 = Debug|Any CPU
		{675B6601-5DF7-4DDA-8971-4429F8CB4539}.Release|Any CPU.ActiveCfg = Release|Any CPU
		{675B6601-5DF7-4DDA-8971-4429F8CB4539}.Release|Any CPU.Build.0 = Release|Any CPU
		{1C4BD5C5-1EC5-4069-AAEC-C402254AC3B0}.Debug|Any CPU.ActiveCfg = Debug|Any CPU
		{1C4BD5C5-1EC5-4069-AAEC-C402254AC3B0}.Debug|Any CPU.Build.0 = Debug|Any CPU
		{1C4BD5C5-1EC5-4069-AAEC-C402254AC3B0}.Release|Any CPU.ActiveCfg = Release|Any CPU
		{1C4BD5C5-1EC5-4069-AAEC-C402254AC3B0}.Release|Any CPU.Build.0 = Release|Any CPU
	EndGlobalSection
	GlobalSection(SolutionProperties) = preSolution
		HideSolutionNode = FALSE
	EndGlobalSection
	GlobalSection(ExtensibilityGlobals) = postSolution
		SolutionGuid = {4921695D-7B9F-4C57-9B3D-7825193C8B57}
	EndGlobalSection
EndGlobal
